
Microsoft Visual Studio Solution File, Format Version 12.00
# Visual Studio Version 16
VisualStudioVersion = 16.0.32901.82
MinimumVisualStudioVersion = 10.0.40219.1
Project("{8BC9CEB8-8B4A-11D0-8D11-00A0C91BC942}") = "FFmpeg_Play", "FFmpeg_Play.vcxproj", "{84338858-C44F-4AC7-8C50-DBCBC0749133}"
EndProject
Global
	GlobalSection(SolutionConfigurationPlatforms) = preSolution
		Debug|x64 = Debug|x64
		Debug|x86 = Debug|x86
		Release|x64 = Release|x64
		Release|x86 = Release|x86
	EndGlobalSection
	GlobalSection(ProjectConfigurationPlatforms) = postSolution
		{84338858-C44F-4AC7-8C50-DBCBC0749133}.Debug|x64.ActiveCfg = Debug|x64
		{84338858-C44F-4AC7-8C50-DBCBC0749133}.Debug|x64.Build.0 = Debug|x64
		{84338858-C44F-4AC7-8C50-DBCBC0749133}.Debug|x86.ActiveCfg = Debug|Win32
		{84338858-C44F-4AC7-8C50-DBCBC0749133}.Debug|x86.Build.0 = Debug|Win32
		{84338858-C44F-4AC7-8C50-DBCBC0749133}.Release|x64.ActiveCfg = Release|x64
		{84338858-C44F-4AC7-8C50-DBCBC0749133}.Release|x64.Build.0 = Release|x64
		{84338858-C44F-4AC7-8C50-DBCBC0749133}.Release|x86.ActiveCfg = Release|Win32
		{84338858-C44F-4AC7-8C50-DBCBC0749133}.Release|x86.Build.0 = Release|Win32
	EndGlobalSection
	GlobalSection(SolutionProperties) = preSolution
		HideSolutionNode = FALSE
	EndGlobalSection
	GlobalSection(ExtensibilityGlobals) = postSolution
		SolutionGuid = {E319C06F-28D6-4FD1-8183-7C936D261BCE}
	EndGlobalSection
EndGlobal
